
Microsoft Visual Studio Solution File, Format Version 12.00
# Visual Studio Version 17
Project("{8BC9CEB8-8B4A-11D0-8D11-00A0C91BC942}") = "ALL_BUILD", "ALL_BUILD.vcxproj", "{E97A5E04-78DB-35A5-818C-B771805B5D30}"
	ProjectSection(ProjectDependencies) = postProject
		{C10901E6-F254-3E37-9101-0F0BF63E80EE} = {C10901E6-F254-3E37-9101-0F0BF63E80EE}
		{DB3F69B1-3092-34A3-BD34-4CD7FD2B5EE7} = {DB3F69B1-3092-34A3-BD34-4CD7FD2B5EE7}
	EndProjectSection
EndProject
Project("{8BC9CEB8-8B4A-11D0-8D11-00A0C91BC942}") = "ZERO_CHECK", "ZERO_CHECK.vcxproj", "{C10901E6-F254-3E37-9101-0F0BF63E80EE}"
	ProjectSection(ProjectDependencies) = postProject
	EndProjectSection
EndProject
Project("{8BC9CEB8-8B4A-11D0-8D11-00A0C91BC942}") = "myshortcuts", "myshortcuts.vcxproj", "{DB3F69B1-3092-34A3-BD34-4CD7FD2B5EE7}"
	ProjectSection(ProjectDependencies) = postProject
		{C10901E6-F254-3E37-9101-0F0BF63E80EE} = {C10901E6-F254-3E37-9101-0F0BF63E80EE}
	EndProjectSection
EndProject
Global
	GlobalSection(SolutionConfigurationPlatforms) = preSolution
		Debug|x64 = Debug|x64
		Release|x64 = Release|x64
		MinSizeRel|x64 = MinSizeRel|x64
		RelWithDebInfo|x64 = RelWithDebInfo|x64
	EndGlobalSection
	GlobalSection(ProjectConfigurationPlatforms) = postSolution
		{E97A5E04-78DB-35A5-818C-B771805B5D30}.Debug|x64.ActiveCfg = Debug|x64
		{E97A5E04-78DB-35A5-818C-B771805B5D30}.Release|x64.ActiveCfg = Release|x64
		{E97A5E04-78DB-35A5-818C-B771805B5D30}.MinSizeRel|x64.ActiveCfg = MinSizeRel|x64
		{E97A5E04-78DB-35A5-818C-B771805B5D30}.RelWithDebInfo|x64.ActiveCfg = RelWithDebInfo|x64
		{C10901E6-F254-3E37-9101-0F0BF63E80EE}.Debug|x64.ActiveCfg = Debug|x64
		{C10901E6-F254-3E37-9101-0F0BF63E80EE}.Debug|x64.Build.0 = Debug|x64
		{C10901E6-F254-3E37-9101-0F0BF63E80EE}.Release|x64.ActiveCfg = Release|x64
		{C10901E6-F254-3E37-9101-0F0BF63E80EE}.Release|x64.Build.0 = Release|x64
		{C10901E6-F254-3E37-9101-0F0BF63E80EE}.MinSizeRel|x64.ActiveCfg = MinSizeRel|x64
		{C10901E6-F254-3E37-9101-0F0BF63E80EE}.MinSizeRel|x64.Build.0 = MinSizeRel|x64
		{C10901E6-F254-3E37-9101-0F0BF63E80EE}.RelWithDebInfo|x64.ActiveCfg = RelWithDebInfo|x64
		{C10901E6-F254-3E37-9101-0F0BF63E80EE}.RelWithDebInfo|x64.Build.0 = RelWithDebInfo|x64
		{DB3F69B1-3092-34A3-BD34-4CD7FD2B5EE7}.Debug|x64.ActiveCfg = Debug|x64
		{DB3F69B1-3092-34A3-BD34-4CD7FD2B5EE7}.Debug|x64.Build.0 = Debug|x64
		{DB3F69B1-3092-34A3-BD34-4CD7FD2B5EE7}.Release|x64.ActiveCfg = Release|x64
		{DB3F69B1-3092-34A3-BD34-4CD7FD2B5EE7}.Release|x64.Build.0 = Release|x64
		{DB3F69B1-3092-34A3-BD34-4CD7FD2B5EE7}.MinSizeRel|x64.ActiveCfg = MinSizeRel|x64
		{DB3F69B1-3092-34A3-BD34-4CD7FD2B5EE7}.MinSizeRel|x64.Build.0 = MinSizeRel|x64
		{DB3F69B1-3092-34A3-BD34-4CD7FD2B5EE7}.RelWithDebInfo|x64.ActiveCfg = RelWithDebInfo|x64
		{DB3F69B1-3092-34A3-BD34-4CD7FD2B5EE7}.RelWithDebInfo|x64.Build.0 = RelWithDebInfo|x64
	EndGlobalSection
	GlobalSection(ExtensibilityGlobals) = postSolution
		SolutionGuid = {933C31E8-EB5E-35A0-8A2C-25784CEA8B98}
	EndGlobalSection
	GlobalSection(ExtensibilityAddIns) = postSolution
	EndGlobalSection
EndGlobal
